
Microsoft Visual Studio Solution File, Format Version 12.00
# Visual Studio 15
VisualStudioVersion = 15.0.26430.16
MinimumVisualStudioVersion = 10.0.40219.1
Project("{FAE04EC0-301F-11D3-BF4B-00C04F79EFBC}") = "Oceanbnb", "Oceanbnb\Oceanbnb.csproj", "{3501EDA1-FD8F-41AE-A754-184A9EFA56DF}"
EndProject
Project("{FAE04EC0-301F-11D3-BF4B-00C04F79EFBC}") = "Services", "Services\Services.csproj", "{8E0590C4-CF38-4197-B26B-FBC14B8B75E1}"
EndProject
Project("{FAE04EC0-301F-11D3-BF4B-00C04F79EFBC}") = "Database", "Database\Database.csproj", "{D2FD07C8-A067-4CE7-9FC7-F2DE1653AEFC}"
EndProject
Global
	GlobalSection(SolutionConfigurationPlatforms) = preSolution
		Debug|Any CPU = Debug|Any CPU
		Release|Any CPU = Release|Any CPU
	EndGlobalSection
	GlobalSection(ProjectConfigurationPlatforms) = postSolution
		{3501EDA1-FD8F-41AE-A754-184A9EFA56DF}.Debug|Any CPU.ActiveCfg = Debug|Any CPU
		{3501EDA1-FD8F-41AE-A754-184A9EFA56DF}.Debug|Any CPU.Build.0 = Debug|Any CPU
		{3501EDA1-FD8F-41AE-A754-184A9EFA56DF}.Release|Any CPU.ActiveCfg = Release|Any CPU
		{3501EDA1-FD8F-41AE-A754-184A9EFA56DF}.Release|Any CPU.Build.0 = Release|Any CPU
		{8E0590C4-CF38-4197-B26B-FBC14B8B75E1}.Debug|Any CPU.ActiveCfg = Debug|Any CPU
		{8E0590C4-CF38-4197-B26B-FBC14B8B75E1}.Debug|Any CPU.Build.0 = Debug|Any CPU
		{8E0590C4-CF38-4197-B26B-FBC14B8B75E1}.Release|Any CPU.ActiveCfg = Release|Any CPU
		{8E0590C4-CF38-4197-B26B-FBC14B8B75E1}.Release|Any CPU.Build.0 = Release|Any CPU
		{D2FD07C8-A067-4CE7-9FC7-F2DE1653AEFC}.Debug|Any CPU.ActiveCfg = Debug|Any CPU
		{D2FD07C8-A067-4CE7-9FC7-F2DE1653AEFC}.Debug|Any CPU.Build.0 = Debug|Any CPU
		{D2FD07C8-A067-4CE7-9FC7-F2DE1653AEFC}.Release|Any CPU.ActiveCfg = Release|Any CPU
		{D2FD07C8-A067-4CE7-9FC7-F2DE1653AEFC}.Release|Any CPU.Build.0 = Release|Any CPU
	EndGlobalSection
	GlobalSection(SolutionProperties) = preSolution
		HideSolutionNode = FALSE
	EndGlobalSection
EndGlobal
